// !$*UTF8*$!
{
	archiveVersion = 1;
	classes = {
	};
	objectVersion = 77;
	objects = {

/* Begin PBXBuildFile section */
		0D695F50246BCBC9AF063BDA /* Assets.xcassets in Resources */ = {isa = PBXBuildFile; fileRef = 2B5D5CF9B91ACBC30EE56658 /* Assets.xcassets */; };
		16CE5D1D6257332B8F261F61 /* OnboardingView.swift in Sources */ = {isa = PBXBuildFile; fileRef = B9981DFE27094E7BA2F23D9E /* OnboardingView.swift */; };
		2032A49FDC2CBB1DCA9DD1C6 /* AchievementManager.swift in Sources */ = {isa = PBXBuildFile; fileRef = 5091BBC2626F28C1C766EEDB /* AchievementManager.swift */; };
		23901793282A4AD82C8883EC /* Updater.swift in Sources */ = {isa = PBXBuildFile; fileRef = 3194057963488DEC257525E7 /* Updater.swift */; };
		28323440D6FF6DFB5BF16F39 /* MarketplaceView.swift in Sources */ = {isa = PBXBuildFile; fileRef = 27DDFFE30E84F2ACAAF59B2A /* MarketplaceView.swift */; };
		35DF060430ACED74D15DFAA5 /* MenuBarController.swift in Sources */ = {isa = PBXBuildFile; fileRef = 4488C3D373F06F90ED53DC79 /* MenuBarController.swift */; };
		4B1965A74C6E56C45193EDDB /* AchievementsWindow.swift in Sources */ = {isa = PBXBuildFile; fileRef = 46633A63E635E66B68F3FD62 /* AchievementsWindow.swift */; };
		52883267724F5E13DD532938 /* MouseTracker.swift in Sources */ = {isa = PBXBuildFile; fileRef = B4DAB10CD2B55CFD42A30689 /* MouseTracker.swift */; };
		60BBC5513B3EFFFB7F955563 /* MetalRenderer.swift in Sources */ = {isa = PBXBuildFile; fileRef = F0F9A515A928932CC0E4336F /* MetalRenderer.swift */; };
		6C6972D798ED769E660E6AEE /* CatStats.swift in Sources */ = {isa = PBXBuildFile; fileRef = 3CADFB944FB661D365ABC00D /* CatStats.swift */; };
		71B170AE2541063614FCF8FE /* MarketplaceWindow.swift in Sources */ = {isa = PBXBuildFile; fileRef = 6291E521D616BF84F9E72210 /* MarketplaceWindow.swift */; };
		765A2D8BE2AEF296A5EAEC2D /* SkinManager.swift in Sources */ = {isa = PBXBuildFile; fileRef = B6DA81A3304E1D396304D6C4 /* SkinManager.swift */; };
		7815B78BE36E6A83858DD5C2 /* AchievementNotificationController.swift in Sources */ = {isa = PBXBuildFile; fileRef = 19BF67909D0B69A8F9C24161 /* AchievementNotificationController.swift */; };
		7CB502EF797BEDD3C4FF8E05 /* Math.swift in Sources */ = {isa = PBXBuildFile; fileRef = F6CA30A79FFBAA296F4B8492 /* Math.swift */; };
		7D7A70A4608474E3888D3E00 /* WrappedWindow.swift in Sources */ = {isa = PBXBuildFile; fileRef = 74E9A3436C239059DF84CDBA /* WrappedWindow.swift */; };
		86C58FC806AD5C983FC671BF /* Logging.swift in Sources */ = {isa = PBXBuildFile; fileRef = BDA4DF9FC881CA143F741D29 /* Logging.swift */; };
		8E6F73E1F61A8E923292BA84 /* Shader.metal in Sources */ = {isa = PBXBuildFile; fileRef = 1823D932B8D825DAC0CCD969 /* Shader.metal */; };
		9393DA9621011263628DDF1D /* Sprites in Resources */ = {isa = PBXBuildFile; fileRef = E3ACC486413860AE3AA7FDB2 /* Sprites */; };
		93EC4705B43537BBE68AC3DB /* OverlayWindow.swift in Sources */ = {isa = PBXBuildFile; fileRef = E518A06A04AFBBF4857FA9C8 /* OverlayWindow.swift */; };
		A743ACEE9D2E0C1DF17D47D2 /* WrappedView.swift in Sources */ = {isa = PBXBuildFile; fileRef = 496C74F3714074E570F55548 /* WrappedView.swift */; };
		AEDA98124D897AED8B6AF011 /* Achievement.swift in Sources */ = {isa = PBXBuildFile; fileRef = 3007C0225BA8A96F1691195B /* Achievement.swift */; };
		B6B0D98D06592ED53CEA2E2B /* SettingsWindow.swift in Sources */ = {isa = PBXBuildFile; fileRef = 6F1061172FA02617D56856A5 /* SettingsWindow.swift */; };
		CC189D8ABD61181C52DCC39D /* OnboardingWindow.swift in Sources */ = {isa = PBXBuildFile; fileRef = DB2C7B4B1ED08191325EBB90 /* OnboardingWindow.swift */; };
		CCE095F2D760A6C245673855 /* Language.swift in Sources */ = {isa = PBXBuildFile; fileRef = 86A3D336EAC8DA514C0D2EEA /* Language.swift */; };
		D46F298CDA7AA9362A1170EF /* AchievementsView.swift in Sources */ = {isa = PBXBuildFile; fileRef = 3FFB3F6BAC43138DAE8C0640 /* AchievementsView.swift */; };
		D4D932688504CF3E4E081A3B /* CVDisplayLinkManager.swift in Sources */ = {isa = PBXBuildFile; fileRef = 384D36D95EDBA845A8846AFB /* CVDisplayLinkManager.swift */; };
		D8FBF00AB9B04F6424B014D0 /* LaserMover.swift in Sources */ = {isa = PBXBuildFile; fileRef = 82FEE8FBA68CFAF56C432936 /* LaserMover.swift */; };
		DC4A045ACCF987D2BA57F4F3 /* SettingsView.swift in Sources */ = {isa = PBXBuildFile; fileRef = 66132A6ABAD5BCAA7DA83E8C /* SettingsView.swift */; };
		DD363471E3969A90B2399E21 /* NekoCat.swift in Sources */ = {isa = PBXBuildFile; fileRef = B966ED127313678D1BDFFD1C /* NekoCat.swift */; };
		EEC8D007F251901DC49C0EE7 /* RenderPipeline.swift in Sources */ = {isa = PBXBuildFile; fileRef = 55B3B81C5011267F6DAF0B3C /* RenderPipeline.swift */; };
		EFB2D711A9F0A736412F5A50 /* PetCardView.swift in Sources */ = {isa = PBXBuildFile; fileRef = EC79699CA4521C8E31117D5D /* PetCardView.swift */; };
		F0EF73B65AB2BFD3F3C67F39 /* AppDelegate.swift in Sources */ = {isa = PBXBuildFile; fileRef = 094894EA086E148C24332877 /* AppDelegate.swift */; };
		F342058606EFCE4E9A05D948 /* main.swift in Sources */ = {isa = PBXBuildFile; fileRef = 64E78100FB2CCE4D913C064E /* main.swift */; };
/* End PBXBuildFile section */

/* Begin PBXFileReference section */
		094894EA086E148C24332877 /* AppDelegate.swift */ = {isa = PBXFileReference; lastKnownFileType = sourcecode.swift; path = AppDelegate.swift; sourceTree = "<group>"; };
		1823D932B8D825DAC0CCD969 /* Shader.metal */ = {isa = PBXFileReference; lastKnownFileType = sourcecode.metal; path = Shader.metal; sourceTree = "<group>"; };
		19BF67909D0B69A8F9C24161 /* AchievementNotificationController.swift */ = {isa = PBXFileReference; lastKnownFileType = sourcecode.swift; path = AchievementNotificationController.swift; sourceTree = "<group>"; };
		27DDFFE30E84F2ACAAF59B2A /* MarketplaceView.swift */ = {isa = PBXFileReference; lastKnownFileType = sourcecode.swift; path = MarketplaceView.swift; sourceTree = "<group>"; };
		2B5D5CF9B91ACBC30EE56658 /* Assets.xcassets */ = {isa = PBXFileReference; lastKnownFileType = folder.assetcatalog; path = Assets.xcassets; sourceTree = "<group>"; };
		3007C0225BA8A96F1691195B /* Achievement.swift */ = {isa = PBXFileReference; lastKnownFileType = sourcecode.swift; path = Achievement.swift; sourceTree = "<group>"; };
		3194057963488DEC257525E7 /* Updater.swift */ = {isa = PBXFileReference; lastKnownFileType = sourcecode.swift; path = Updater.swift; sourceTree = "<group>"; };
		384D36D95EDBA845A8846AFB /* CVDisplayLinkManager.swift */ = {isa = PBXFileReference; lastKnownFileType = sourcecode.swift; path = CVDisplayLinkManager.swift; sourceTree = "<group>"; };
		3CADFB944FB661D365ABC00D /* CatStats.swift */ = {isa = PBXFileReference; lastKnownFileType = sourcecode.swift; path = CatStats.swift; sourceTree = "<group>"; };
		3FFB3F6BAC43138DAE8C0640 /* AchievementsView.swift */ = {isa = PBXFileReference; lastKnownFileType = sourcecode.swift; path = AchievementsView.swift; sourceTree = "<group>"; };
		4488C3D373F06F90ED53DC79 /* MenuBarController.swift */ = {isa = PBXFileReference; lastKnownFileType = sourcecode.swift; path = MenuBarController.swift; sourceTree = "<group>"; };
		46633A63E635E66B68F3FD62 /* AchievementsWindow.swift */ = {isa = PBXFileReference; lastKnownFileType = sourcecode.swift; path = AchievementsWindow.swift; sourceTree = "<group>"; };
		496C74F3714074E570F55548 /* WrappedView.swift */ = {isa = PBXFileReference; lastKnownFileType = sourcecode.swift; path = WrappedView.swift; sourceTree = "<group>"; };
		4B40224A8720D15FFBCC7AAC /* OnekoMac.app */ = {isa = PBXFileReference; explicitFileType = wrapper.application; includeInIndex = 0; path = OnekoMac.app; sourceTree = BUILT_PRODUCTS_DIR; };
		5091BBC2626F28C1C766EEDB /* AchievementManager.swift */ = {isa = PBXFileReference; lastKnownFileType = sourcecode.swift; path = AchievementManager.swift; sourceTree = "<group>"; };
		55B3B81C5011267F6DAF0B3C /* RenderPipeline.swift */ = {isa = PBXFileReference; lastKnownFileType = sourcecode.swift; path = RenderPipeline.swift; sourceTree = "<group>"; };
		6291E521D616BF84F9E72210 /* MarketplaceWindow.swift */ = {isa = PBXFileReference; lastKnownFileType = sourcecode.swift; path = MarketplaceWindow.swift; sourceTree = "<group>"; };
		64E78100FB2CCE4D913C064E /* main.swift */ = {isa = PBXFileReference; lastKnownFileType = sourcecode.swift; path = main.swift; sourceTree = "<group>"; };
		66132A6ABAD5BCAA7DA83E8C /* SettingsView.swift */ = {isa = PBXFileReference; lastKnownFileType = sourcecode.swift; path = SettingsView.swift; sourceTree = "<group>"; };
		6F1061172FA02617D56856A5 /* SettingsWindow.swift */ = {isa = PBXFileReference; lastKnownFileType = sourcecode.swift; path = SettingsWindow.swift; sourceTree = "<group>"; };
		74E9A3436C239059DF84CDBA /* WrappedWindow.swift */ = {isa = PBXFileReference; lastKnownFileType = sourcecode.swift; path = WrappedWindow.swift; sourceTree = "<group>"; };
		82FEE8FBA68CFAF56C432936 /* LaserMover.swift */ = {isa = PBXFileReference; lastKnownFileType = sourcecode.swift; path = LaserMover.swift; sourceTree = "<group>"; };
		86A3D336EAC8DA514C0D2EEA /* Language.swift */ = {isa = PBXFileReference; lastKnownFileType = sourcecode.swift; path = Language.swift; sourceTree = "<group>"; };
		B4DAB10CD2B55CFD42A30689 /* MouseTracker.swift */ = {isa = PBXFileReference; lastKnownFileType = sourcecode.swift; path = MouseTracker.swift; sourceTree = "<group>"; };
		B6DA81A3304E1D396304D6C4 /* SkinManager.swift */ = {isa = PBXFileReference; lastKnownFileType = sourcecode.swift; path = SkinManager.swift; sourceTree = "<group>"; };
		B966ED127313678D1BDFFD1C /* NekoCat.swift */ = {isa = PBXFileReference; lastKnownFileType = sourcecode.swift; path = NekoCat.swift; sourceTree = "<group>"; };
		B9981DFE27094E7BA2F23D9E /* OnboardingView.swift */ = {isa = PBXFileReference; lastKnownFileType = sourcecode.swift; path = OnboardingView.swift; sourceTree = "<group>"; };
		BDA4DF9FC881CA143F741D29 /* Logging.swift */ = {isa = PBXFileReference; lastKnownFileType = sourcecode.swift; path = Logging.swift; sourceTree = "<group>"; };
		DB2C7B4B1ED08191325EBB90 /* OnboardingWindow.swift */ = {isa = PBXFileReference; lastKnownFileType = sourcecode.swift; path = OnboardingWindow.swift; sourceTree = "<group>"; };
		E3ACC486413860AE3AA7FDB2 /* Sprites */ = {isa = PBXFileReference; lastKnownFileType = folder; name = Sprites; path = Resources/Sprites; sourceTree = SOURCE_ROOT; };
		E518A06A04AFBBF4857FA9C8 /* OverlayWindow.swift */ = {isa = PBXFileReference; lastKnownFileType = sourcecode.swift; path = OverlayWindow.swift; sourceTree = "<group>"; };
		EC79699CA4521C8E31117D5D /* PetCardView.swift */ = {isa = PBXFileReference; lastKnownFileType = sourcecode.swift; path = PetCardView.swift; sourceTree = "<group>"; };
		F0F9A515A928932CC0E4336F /* MetalRenderer.swift */ = {isa = PBXFileReference; lastKnownFileType = sourcecode.swift; path = MetalRenderer.swift; sourceTree = "<group>"; };
		F6CA30A79FFBAA296F4B8492 /* Math.swift */ = {isa = PBXFileReference; lastKnownFileType = sourcecode.swift; path = Math.swift; sourceTree = "<group>"; };
/* End PBXFileReference section */

/* Begin PBXGroup section */
		09F46D1D275298DC9AA4012F /* Skins */ = {
			isa = PBXGroup;
			children = (
				B6DA81A3304E1D396304D6C4 /* SkinManager.swift */,
			);
			path = Skins;
			sourceTree = "<group>";
		};
		0BA2218302794F63C9805B10 /* PetCard */ = {
			isa = PBXGroup;
			children = (
				EC79699CA4521C8E31117D5D /* PetCardView.swift */,
			);
			path = PetCard;
			sourceTree = "<group>";
		};
		142E796154F60C6C4675389C /* Products */ = {
			isa = PBXGroup;
			children = (
				4B40224A8720D15FFBCC7AAC /* OnekoMac.app */,
			);
			name = Products;
			sourceTree = "<group>";
		};
		1886A61FC3FBC7B73B590565 /* SettingsPanel */ = {
			isa = PBXGroup;
			children = (
				66132A6ABAD5BCAA7DA83E8C /* SettingsView.swift */,
				6F1061172FA02617D56856A5 /* SettingsWindow.swift */,
			);
			path = SettingsPanel;
			sourceTree = "<group>";
		};
		5231F765AFFC4DBC13808B18 /* Input */ = {
			isa = PBXGroup;
			children = (
				B4DAB10CD2B55CFD42A30689 /* MouseTracker.swift */,
			);
			path = Input;
			sourceTree = "<group>";
		};
		54DDDB2D64580B988CB19223 /* Simulation */ = {
			isa = PBXGroup;
			children = (
				B966ED127313678D1BDFFD1C /* NekoCat.swift */,
			);
			path = Simulation;
			sourceTree = "<group>";
		};
		6B75C5036D082237082827A2 /* App */ = {
			isa = PBXGroup;
			children = (
				094894EA086E148C24332877 /* AppDelegate.swift */,
				3CADFB944FB661D365ABC00D /* CatStats.swift */,
				64E78100FB2CCE4D913C064E /* main.swift */,
				E518A06A04AFBBF4857FA9C8 /* OverlayWindow.swift */,
				3194057963488DEC257525E7 /* Updater.swift */,
				9564C14BDC7382EC53942880 /* Achievements */,
				CEA063F95DD51BBF3243FF45 /* LaserPointer */,
				F1EC39C9C8882ADB1DF2AA06 /* Localization */,
				EADBCF02B1795271AFF5BADE /* Marketplace */,
				F319C750148C65D2D751E10A /* MenuBar */,
				AA99FBF572F8B8C6E9148BCA /* Onboarding */,
				0BA2218302794F63C9805B10 /* PetCard */,
				1886A61FC3FBC7B73B590565 /* SettingsPanel */,
				9FB9F765FEF53E01E4082328 /* Wrapped */,
			);
			path = App;
			sourceTree = "<group>";
		};
		814AE4ED9F9DE540AD222DE4 /* Engine */ = {
			isa = PBXGroup;
			children = (
				5231F765AFFC4DBC13808B18 /* Input */,
				E4E00488D8950730F9997AC6 /* Render */,
				54DDDB2D64580B988CB19223 /* Simulation */,
				E6FA5A4DF59A7E38250C9E51 /* Timing */,
			);
			path = Engine;
			sourceTree = "<group>";
		};
		9564C14BDC7382EC53942880 /* Achievements */ = {
			isa = PBXGroup;
			children = (
				3007C0225BA8A96F1691195B /* Achievement.swift */,
				5091BBC2626F28C1C766EEDB /* AchievementManager.swift */,
				19BF67909D0B69A8F9C24161 /* AchievementNotificationController.swift */,
				3FFB3F6BAC43138DAE8C0640 /* AchievementsView.swift */,
				46633A63E635E66B68F3FD62 /* AchievementsWindow.swift */,
			);
			path = Achievements;
			sourceTree = "<group>";
		};
		9573F1E7BED390227A4780F4 /* Resources */ = {
			isa = PBXGroup;
			children = (
				2B5D5CF9B91ACBC30EE56658 /* Assets.xcassets */,
				E3ACC486413860AE3AA7FDB2 /* Sprites */,
			);
			path = Resources;
			sourceTree = "<group>";
		};
		9FB9F765FEF53E01E4082328 /* Wrapped */ = {
			isa = PBXGroup;
			children = (
				496C74F3714074E570F55548 /* WrappedView.swift */,
				74E9A3436C239059DF84CDBA /* WrappedWindow.swift */,
			);
			path = Wrapped;
			sourceTree = "<group>";
		};
		AA99FBF572F8B8C6E9148BCA /* Onboarding */ = {
			isa = PBXGroup;
			children = (
				B9981DFE27094E7BA2F23D9E /* OnboardingView.swift */,
				DB2C7B4B1ED08191325EBB90 /* OnboardingWindow.swift */,
			);
			path = Onboarding;
			sourceTree = "<group>";
		};
		CEA063F95DD51BBF3243FF45 /* LaserPointer */ = {
			isa = PBXGroup;
			children = (
				82FEE8FBA68CFAF56C432936 /* LaserMover.swift */,
			);
			path = LaserPointer;
			sourceTree = "<group>";
		};
		E059C9103FB4DAAB01D2C0EE = {
			isa = PBXGroup;
			children = (
				6B75C5036D082237082827A2 /* App */,
				814AE4ED9F9DE540AD222DE4 /* Engine */,
				9573F1E7BED390227A4780F4 /* Resources */,
				09F46D1D275298DC9AA4012F /* Skins */,
				FFFB3AA5BFE4DA935DD2F75E /* Utils */,
				142E796154F60C6C4675389C /* Products */,
			);
			sourceTree = "<group>";
		};
		E4E00488D8950730F9997AC6 /* Render */ = {
			isa = PBXGroup;
			children = (
				F0F9A515A928932CC0E4336F /* MetalRenderer.swift */,
				55B3B81C5011267F6DAF0B3C /* RenderPipeline.swift */,
				1823D932B8D825DAC0CCD969 /* Shader.metal */,
			);
			path = Render;
			sourceTree = "<group>";
		};
		E6FA5A4DF59A7E38250C9E51 /* Timing */ = {
			isa = PBXGroup;
			children = (
				384D36D95EDBA845A8846AFB /* CVDisplayLinkManager.swift */,
			);
			path = Timing;
			sourceTree = "<group>";
		};
		EADBCF02B1795271AFF5BADE /* Marketplace */ = {
			isa = PBXGroup;
			children = (
				27DDFFE30E84F2ACAAF59B2A /* MarketplaceView.swift */,
				6291E521D616BF84F9E72210 /* MarketplaceWindow.swift */,
			);
			path = Marketplace;
			sourceTree = "<group>";
		};
		F1EC39C9C8882ADB1DF2AA06 /* Localization */ = {
			isa = PBXGroup;
			children = (
				86A3D336EAC8DA514C0D2EEA /* Language.swift */,
			);
			path = Localization;
			sourceTree = "<group>";
		};
		F319C750148C65D2D751E10A /* MenuBar */ = {
			isa = PBXGroup;
			children = (
				4488C3D373F06F90ED53DC79 /* MenuBarController.swift */,
			);
			path = MenuBar;
			sourceTree = "<group>";
		};
		FFFB3AA5BFE4DA935DD2F75E /* Utils */ = {
			isa = PBXGroup;
			children = (
				BDA4DF9FC881CA143F741D29 /* Logging.swift */,
				F6CA30A79FFBAA296F4B8492 /* Math.swift */,
			);
			path = Utils;
			sourceTree = "<group>";
		};
/* End PBXGroup section */

/* Begin PBXNativeTarget section */
		15D7500D382F16756260CED1 /* OnekoMac */ = {
			isa = PBXNativeTarget;
			buildConfigurationList = B452EABCF76D4970AE00E6BA /* Build configuration list for PBXNativeTarget "OnekoMac" */;
			buildPhases = (
				68900A0BB8E8CD519C197465 /* Sources */,
				6ECEE688B114872BD484C62F /* Resources */,
			);
			buildRules = (
			);
			dependencies = (
			);
			name = OnekoMac;
			packageProductDependencies = (
			);
			productName = OnekoMac;
			productReference = 4B40224A8720D15FFBCC7AAC /* OnekoMac.app */;
			productType = "com.apple.product-type.application";
		};
/* End PBXNativeTarget section */

/* Begin PBXProject section */
		E666F8E2200E82FA594D7D1F /* Project object */ = {
			isa = PBXProject;
			attributes = {
				BuildIndependentTargetsInParallel = YES;
				LastUpgradeCheck = 1500;
				TargetAttributes = {
					15D7500D382F16756260CED1 = {
						ProvisioningStyle = Automatic;
					};
				};
			};
			buildConfigurationList = DA90BC41C3E4249580104942 /* Build configuration list for PBXProject "OnekoMac" */;
			developmentRegion = en;
			hasScannedForEncodings = 0;
			knownRegions = (
				Base,
				en,
			);
			mainGroup = E059C9103FB4DAAB01D2C0EE;
			minimizedProjectReferenceProxies = 1;
			preferredProjectObjectVersion = 77;
			productRefGroup = 142E796154F60C6C4675389C /* Products */;
			projectDirPath = "";
			projectRoot = "";
			targets = (
				15D7500D382F16756260CED1 /* OnekoMac */,
			);
		};
/* End PBXProject section */

/* Begin PBXResourcesBuildPhase section */
		6ECEE688B114872BD484C62F /* Resources */ = {
			isa = PBXResourcesBuildPhase;
			buildActionMask = 2147483647;
			files = (
				0D695F50246BCBC9AF063BDA /* Assets.xcassets in Resources */,
				9393DA9621011263628DDF1D /* Sprites in Resources */,
			);
			runOnlyForDeploymentPostprocessing = 0;
		};
/* End PBXResourcesBuildPhase section */

/* Begin PBXSourcesBuildPhase section */
		68900A0BB8E8CD519C197465 /* Sources */ = {
			isa = PBXSourcesBuildPhase;
			buildActionMask = 2147483647;
			files = (
				AEDA98124D897AED8B6AF011 /* Achievement.swift in Sources */,
				2032A49FDC2CBB1DCA9DD1C6 /* AchievementManager.swift in Sources */,
				7815B78BE36E6A83858DD5C2 /* AchievementNotificationController.swift in Sources */,
				D46F298CDA7AA9362A1170EF /* AchievementsView.swift in Sources */,
				4B1965A74C6E56C45193EDDB /* AchievementsWindow.swift in Sources */,
				F0EF73B65AB2BFD3F3C67F39 /* AppDelegate.swift in Sources */,
				D4D932688504CF3E4E081A3B /* CVDisplayLinkManager.swift in Sources */,
				6C6972D798ED769E660E6AEE /* CatStats.swift in Sources */,
				CCE095F2D760A6C245673855 /* Language.swift in Sources */,
				D8FBF00AB9B04F6424B014D0 /* LaserMover.swift in Sources */,
				86C58FC806AD5C983FC671BF /* Logging.swift in Sources */,
				28323440D6FF6DFB5BF16F39 /* MarketplaceView.swift in Sources */,
				71B170AE2541063614FCF8FE /* MarketplaceWindow.swift in Sources */,
				7CB502EF797BEDD3C4FF8E05 /* Math.swift in Sources */,
				35DF060430ACED74D15DFAA5 /* MenuBarController.swift in Sources */,
				60BBC5513B3EFFFB7F955563 /* MetalRenderer.swift in Sources */,
				52883267724F5E13DD532938 /* MouseTracker.swift in Sources */,
				DD363471E3969A90B2399E21 /* NekoCat.swift in Sources */,
				16CE5D1D6257332B8F261F61 /* OnboardingView.swift in Sources */,
				CC189D8ABD61181C52DCC39D /* OnboardingWindow.swift in Sources */,
				93EC4705B43537BBE68AC3DB /* OverlayWindow.swift in Sources */,
				EFB2D711A9F0A736412F5A50 /* PetCardView.swift in Sources */,
				EEC8D007F251901DC49C0EE7 /* RenderPipeline.swift in Sources */,
				DC4A045ACCF987D2BA57F4F3 /* SettingsView.swift in Sources */,
				B6B0D98D06592ED53CEA2E2B /* SettingsWindow.swift in Sources */,
				8E6F73E1F61A8E923292BA84 /* Shader.metal in Sources */,
				765A2D8BE2AEF296A5EAEC2D /* SkinManager.swift in Sources */,
				23901793282A4AD82C8883EC /* Updater.swift in Sources */,
				A743ACEE9D2E0C1DF17D47D2 /* WrappedView.swift in Sources */,
				7D7A70A4608474E3888D3E00 /* WrappedWindow.swift in Sources */,
				F342058606EFCE4E9A05D948 /* main.swift in Sources */,
			);
			runOnlyForDeploymentPostprocessing = 0;
		};
/* End PBXSourcesBuildPhase section */

/* Begin XCBuildConfiguration section */
		00DA3F423A5D12E80210C1D9 /* Release */ = {
			isa = XCBuildConfiguration;
			buildSettings = {
				ALWAYS_SEARCH_USER_PATHS = NO;
				CLANG_ANALYZER_NONNULL = YES;
				CLANG_ANALYZER_NUMBER_OBJECT_CONVERSION = YES_AGGRESSIVE;
				CLANG_CXX_LANGUAGE_STANDARD = "gnu++14";
				CLANG_CXX_LIBRARY = "libc++";
				CLANG_ENABLE_MODULES = YES;
				CLANG_ENABLE_OBJC_ARC = YES;
				CLANG_ENABLE_OBJC_WEAK = YES;
				CLANG_WARN_BLOCK_CAPTURE_AUTORELEASING = YES;
				CLANG_WARN_BOOL_CONVERSION = YES;
				CLANG_WARN_COMMA = YES;
				CLANG_WARN_CONSTANT_CONVERSION = YES;
				CLANG_WARN_DEPRECATED_OBJC_IMPLEMENTATIONS = YES;
				CLANG_WARN_DIRECT_OBJC_ISA_USAGE = YES_ERROR;
				CLANG_WARN_DOCUMENTATION_COMMENTS = YES;
				CLANG_WARN_EMPTY_BODY = YES;
				CLANG_WARN_ENUM_CONVERSION = YES;
				CLANG_WARN_INFINITE_RECURSION = YES;
				CLANG_WARN_INT_CONVERSION = YES;
				CLANG_WARN_NON_LITERAL_NULL_CONVERSION = YES;
				CLANG_WARN_OBJC_IMPLICIT_RETAIN_SELF = YES;
				CLANG_WARN_OBJC_LITERAL_CONVERSION = YES;
				CLANG_WARN_OBJC_ROOT_CLASS = YES_ERROR;
				CLANG_WARN_QUOTED_INCLUDE_IN_FRAMEWORK_HEADER = YES;
				CLANG_WARN_RANGE_LOOP_ANALYSIS = YES;
				CLANG_WARN_STRICT_PROTOTYPES = YES;
				CLANG_WARN_SUSPICIOUS_MOVE = YES;
				CLANG_WARN_UNGUARDED_AVAILABILITY = YES_AGGRESSIVE;
				CLANG_WARN_UNREACHABLE_CODE = YES;
				CLANG_WARN__DUPLICATE_METHOD_MATCH = YES;
				CODE_SIGN_STYLE = Automatic;
				COPY_PHASE_STRIP = NO;
				DEBUG_INFORMATION_FORMAT = "dwarf-with-dsym";
				ENABLE_HARDENED_RUNTIME = YES;
				ENABLE_NS_ASSERTIONS = NO;
				ENABLE_STRICT_OBJC_MSGSEND = YES;
				GCC_C_LANGUAGE_STANDARD = gnu11;
				GCC_NO_COMMON_BLOCKS = YES;
				GCC_WARN_64_TO_32_BIT_CONVERSION = YES;
				GCC_WARN_ABOUT_RETURN_TYPE = YES_ERROR;
				GCC_WARN_UNDECLARED_SELECTOR = YES;
				GCC_WARN_UNINITIALIZED_AUTOS = YES_AGGRESSIVE;
				GCC_WARN_UNUSED_FUNCTION = YES;
				GCC_WARN_UNUSED_VARIABLE = YES;
				INFOPLIST_FILE = Info.plist;
				MACOSX_DEPLOYMENT_TARGET = 13.0;
				MTL_ENABLE_DEBUG_INFO = INCLUDE_SOURCE;
				MTL_FAST_MATH = YES;
				PRODUCT_BUNDLE_IDENTIFIER = com.onekomac.OnekoMac;
				PRODUCT_NAME = "$(TARGET_NAME)";
				SDKROOT = macosx;
				SWIFT_COMPILATION_MODE = wholemodule;
				SWIFT_OPTIMIZATION_LEVEL = "-O";
				SWIFT_VERSION = 5.9;
			};
			name = Release;
		};
		01EBDABA30784493C59A95A8 /* Debug */ = {
			isa = XCBuildConfiguration;
			buildSettings = {
				ASSETCATALOG_COMPILER_APPICON_NAME = AppIcon;
				CODE_SIGN_ENTITLEMENTS = OnekoMac.entitlements;
				COMBINE_HIDPI_IMAGES = YES;
				LD_RUNPATH_SEARCH_PATHS = "$(inherited) @executable_path/../Frameworks";
				PRODUCT_NAME = OnekoMac;
				SDKROOT = macosx;
			};
			name = Debug;
		};
		23ECC9C357EA353FE7FFF8B2 /* Debug */ = {
			isa = XCBuildConfiguration;
			buildSettings = {
				ALWAYS_SEARCH_USER_PATHS = NO;
				CLANG_ANALYZER_NONNULL = YES;
				CLANG_ANALYZER_NUMBER_OBJECT_CONVERSION = YES_AGGRESSIVE;
				CLANG_CXX_LANGUAGE_STANDARD = "gnu++14";
				CLANG_CXX_LIBRARY = "libc++";
				CLANG_ENABLE_MODULES = YES;
				CLANG_ENABLE_OBJC_ARC = YES;
				CLANG_ENABLE_OBJC_WEAK = YES;
				CLANG_WARN_BLOCK_CAPTURE_AUTORELEASING = YES;
				CLANG_WARN_BOOL_CONVERSION = YES;
				CLANG_WARN_COMMA = YES;
				CLANG_WARN_CONSTANT_CONVERSION = YES;
				CLANG_WARN_DEPRECATED_OBJC_IMPLEMENTATIONS = YES;
				CLANG_WARN_DIRECT_OBJC_ISA_USAGE = YES_ERROR;
				CLANG_WARN_DOCUMENTATION_COMMENTS = YES;
				CLANG_WARN_EMPTY_BODY = YES;
				CLANG_WARN_ENUM_CONVERSION = YES;
				CLANG_WARN_INFINITE_RECURSION = YES;
				CLANG_WARN_INT_CONVERSION = YES;
				CLANG_WARN_NON_LITERAL_NULL_CONVERSION = YES;
				CLANG_WARN_OBJC_IMPLICIT_RETAIN_SELF = YES;
				CLANG_WARN_OBJC_LITERAL_CONVERSION = YES;
				CLANG_WARN_OBJC_ROOT_CLASS = YES_ERROR;
				CLANG_WARN_QUOTED_INCLUDE_IN_FRAMEWORK_HEADER = YES;
				CLANG_WARN_RANGE_LOOP_ANALYSIS = YES;
				CLANG_WARN_STRICT_PROTOTYPES = YES;
				CLANG_WARN_SUSPICIOUS_MOVE = YES;
				CLANG_WARN_UNGUARDED_AVAILABILITY = YES_AGGRESSIVE;
				CLANG_WARN_UNREACHABLE_CODE = YES;
				CLANG_WARN__DUPLICATE_METHOD_MATCH = YES;
				CODE_SIGN_STYLE = Automatic;
				COPY_PHASE_STRIP = NO;
				DEBUG_INFORMATION_FORMAT = dwarf;
				ENABLE_HARDENED_RUNTIME = YES;
				ENABLE_STRICT_OBJC_MSGSEND = YES;
				ENABLE_TESTABILITY = YES;
				GCC_C_LANGUAGE_STANDARD = gnu11;
				GCC_DYNAMIC_NO_PIC = NO;
				GCC_NO_COMMON_BLOCKS = YES;
				GCC_OPTIMIZATION_LEVEL = 0;
				GCC_PREPROCESSOR_DEFINITIONS = (
					"$(inherited)",
					"DEBUG=1",
				);
				GCC_WARN_64_TO_32_BIT_CONVERSION = YES;
				GCC_WARN_ABOUT_RETURN_TYPE = YES_ERROR;
				GCC_WARN_UNDECLARED_SELECTOR = YES;
				GCC_WARN_UNINITIALIZED_AUTOS = YES_AGGRESSIVE;
				GCC_WARN_UNUSED_FUNCTION = YES;
				GCC_WARN_UNUSED_VARIABLE = YES;
				INFOPLIST_FILE = Info.plist;
				MACOSX_DEPLOYMENT_TARGET = 13.0;
				MTL_ENABLE_DEBUG_INFO = INCLUDE_SOURCE;
				MTL_FAST_MATH = YES;
				ONLY_ACTIVE_ARCH = YES;
				PRODUCT_BUNDLE_IDENTIFIER = com.onekomac.OnekoMac;
				PRODUCT_NAME = "$(TARGET_NAME)";
				SDKROOT = macosx;
				SWIFT_ACTIVE_COMPILATION_CONDITIONS = DEBUG;
				SWIFT_OPTIMIZATION_LEVEL = "-O";
				SWIFT_VERSION = 5.9;
			};
			name = Debug;
		};
		76B0FE50ED72B38C01C682BF /* Release */ = {
			isa = XCBuildConfiguration;
			buildSettings = {
				ASSETCATALOG_COMPILER_APPICON_NAME = AppIcon;
				CODE_SIGN_ENTITLEMENTS = OnekoMac.entitlements;
				COMBINE_HIDPI_IMAGES = YES;
				LD_RUNPATH_SEARCH_PATHS = "$(inherited) @executable_path/../Frameworks";
				PRODUCT_NAME = OnekoMac;
				SDKROOT = macosx;
			};
			name = Release;
		};
/* End XCBuildConfiguration section */

/* Begin XCConfigurationList section */
		B452EABCF76D4970AE00E6BA /* Build configuration list for PBXNativeTarget "OnekoMac" */ = {
			isa = XCConfigurationList;
			buildConfigurations = (
				01EBDABA30784493C59A95A8 /* Debug */,
				76B0FE50ED72B38C01C682BF /* Release */,
			);
			defaultConfigurationIsVisible = 0;
			defaultConfigurationName = Debug;
		};
		DA90BC41C3E4249580104942 /* Build configuration list for PBXProject "OnekoMac" */ = {
			isa = XCConfigurationList;
			buildConfigurations = (
				23ECC9C357EA353FE7FFF8B2 /* Debug */,
				00DA3F423A5D12E80210C1D9 /* Release */,
			);
			defaultConfigurationIsVisible = 0;
			defaultConfigurationName = Debug;
		};
/* End XCConfigurationList section */
	};
	rootObject = E666F8E2200E82FA594D7D1F /* Project object */;
}
